
Microsoft Visual Studio Solution File, Format Version 12.00
Project("{FAE04EC0-301F-11D3-BF4B-00C04F79EFBC}") = "CupidGame", "CupidGame.csproj", "{FF42C0CD-B2E9-41FC-990D-0F1FE4BABB51}"
EndProject
Global
	GlobalSection(SolutionConfigurationPlatforms) = preSolution
		Debug|Any CPU = Debug|Any CPU
		Release|Any CPU = Release|Any CPU
	EndGlobalSection
	GlobalSection(ProjectConfigurationPlatforms) = postSolution
		{FF42C0CD-B2E9-41FC-990D-0F1FE4BABB51}.Debug|Any CPU.ActiveCfg = Debug|Any CPU
		{FF42C0CD-B2E9-41FC-990D-0F1FE4BABB51}.Debug|Any CPU.Build.0 = Debug|Any CPU
		{FF42C0CD-B2E9-41FC-990D-0F1FE4BABB51}.Release|Any CPU.ActiveCfg = Release|Any CPU
		{FF42C0CD-B2E9-41FC-990D-0F1FE4BABB51}.Release|Any CPU.Build.0 = Release|Any CPU
	EndGlobalSection
EndGlobal
